{
  "version": 4,
  "terraform_version": "1.9.0",
  "serial": 32,
  "lineage": "50f7c1dd-f985-3764-2705-f574feed861d",
  "outputs": {},
  "resources": [
    {
      "mode": "data",
      "type": "aws_ami",
      "name": "ubuntu",
      "provider": "provider[\"registry.terraform.io/hashicorp/aws\"]",
      "instances": [
        {
          "schema_version": 0,
          "attributes": {
            "architecture": "x86_64",
            "arn": "arn:aws:ec2:us-east-1::image/ami-02c78647b95a018b6",
            "block_device_mappings": [
              {
                "device_name": "/dev/sda1",
                "ebs": {
                  "delete_on_termination": "true",
                  "encrypted": "false",
                  "iops": "0",
                  "snapshot_id": "snap-0de1cf1c00b401957",
                  "throughput": "0",
                  "volume_size": "8",
                  "volume_type": "gp2"
                },
                "no_device": "",
                "virtual_name": ""
              },
              {
                "device_name": "/dev/sdb",
                "ebs": {},
                "no_device": "",
                "virtual_name": "ephemeral0"
              },
              {
                "device_name": "/dev/sdc",
                "ebs": {},
                "no_device": "",
                "virtual_name": "ephemeral1"
              }
            ],
            "boot_mode": "legacy-bios",
            "creation_date": "2025-02-18T23:24:39.000Z",
            "deprecation_time": "2027-02-18T23:24:39.000Z",
            "description": "Canonical, Ubuntu, 20.04, amd64 focal image",
            "ena_support": true,
            "executable_users": null,
            "filter": [
              {
                "name": "architecture",
                "values": [
                  "x86_64"
                ]
              },
              {
                "name": "name",
                "values": [
                  "ubuntu/images/hvm-ssd/ubuntu-focal-20.04-amd64-server-*"
                ]
              }
            ],
            "hypervisor": "xen",
            "id": "ami-02c78647b95a018b6",
            "image_id": "ami-02c78647b95a018b6",
            "image_location": "amazon/ubuntu/images/hvm-ssd/ubuntu-focal-20.04-amd64-server-20250218.1",
            "image_owner_alias": "amazon",
            "image_type": "machine",
            "imds_support": "",
            "include_deprecated": false,
            "kernel_id": "",
            "most_recent": true,
            "name": "ubuntu/images/hvm-ssd/ubuntu-focal-20.04-amd64-server-20250218.1",
            "name_regex": null,
            "owner_id": "099720109477",
            "owners": [
              "099720109477"
            ],
            "platform": "",
            "platform_details": "Linux/UNIX",
            "product_codes": [],
            "public": true,
            "ramdisk_id": "",
            "root_device_name": "/dev/sda1",
            "root_device_type": "ebs",
            "root_snapshot_id": "snap-0de1cf1c00b401957",
            "sriov_net_support": "simple",
            "state": "available",
            "state_reason": {
              "code": "UNSET",
              "message": "UNSET"
            },
            "tags": {},
            "timeouts": null,
            "tpm_support": "",
            "uefi_data": null,
            "usage_operation": "RunInstances",
            "virtualization_type": "hvm"
          },
          "sensitive_attributes": []
        }
      ]
    },
    {
      "mode": "managed",
      "type": "aws_security_group",
      "name": "ingress-ssh",
      "provider": "provider[\"registry.terraform.io/hashicorp/aws\"]",
      "instances": [
        {
          "schema_version": 1,
          "attributes": {
            "arn": "arn:aws:ec2:us-east-1:288533565777:security-group/sg-051c5433653d3f165",
            "description": "Managed by Terraform",
            "egress": [
              {
                "cidr_blocks": [
                  "0.0.0.0/0"
                ],
                "description": "",
                "from_port": 0,
                "ipv6_cidr_blocks": [],
                "prefix_list_ids": [],
                "protocol": "-1",
                "security_groups": [],
                "self": false,
                "to_port": 0
              }
            ],
            "id": "sg-051c5433653d3f165",
            "ingress": [
              {
                "cidr_blocks": [
                  "0.0.0.0/0"
                ],
                "description": "",
                "from_port": 22,
                "ipv6_cidr_blocks": [],
                "prefix_list_ids": [],
                "protocol": "tcp",
                "security_groups": [],
                "self": false,
                "to_port": 22
              }
            ],
            "name": "allow-all-ssh",
            "name_prefix": "",
            "owner_id": "288533565777",
            "revoke_rules_on_delete": false,
            "tags": {},
            "tags_all": {},
            "timeouts": null,
            "vpc_id": "vpc-0bf563f4cdf6f664f"
          },
          "sensitive_attributes": [],
          "private": "eyJlMmJmYjczMC1lY2FhLTExZTYtOGY4OC0zNDM2M2JjN2M0YzAiOnsiY3JlYXRlIjo2MDAwMDAwMDAwMDAsImRlbGV0ZSI6OTAwMDAwMDAwMDAwfSwic2NoZW1hX3ZlcnNpb24iOiIxIn0=",
          "dependencies": [
            "aws_vpc.vpc"
          ]
        }
      ]
    },
    {
      "mode": "managed",
      "type": "aws_security_group",
      "name": "vpc-ping",
      "provider": "provider[\"registry.terraform.io/hashicorp/aws\"]",
      "instances": [
        {
          "schema_version": 1,
          "attributes": {
            "arn": "arn:aws:ec2:us-east-1:288533565777:security-group/sg-02b9f1d08beea23ea",
            "description": "ICMP for Ping Access",
            "egress": [
              {
                "cidr_blocks": [
                  "0.0.0.0/0"
                ],
                "description": "Allow all ip and ports outboun",
                "from_port": 0,
                "ipv6_cidr_blocks": [],
                "prefix_list_ids": [],
                "protocol": "-1",
                "security_groups": [],
                "self": false,
                "to_port": 0
              }
            ],
            "id": "sg-02b9f1d08beea23ea",
            "ingress": [
              {
                "cidr_blocks": [
                  "0.0.0.0/0"
                ],
                "description": "Allow ICMP Traffic",
                "from_port": -1,
                "ipv6_cidr_blocks": [],
                "prefix_list_ids": [],
                "protocol": "icmp",
                "security_groups": [],
                "self": false,
                "to_port": -1
              }
            ],
            "name": "vpc-ping",
            "name_prefix": "",
            "owner_id": "288533565777",
            "revoke_rules_on_delete": false,
            "tags": {},
            "tags_all": {},
            "timeouts": null,
            "vpc_id": "vpc-0bf563f4cdf6f664f"
          },
          "sensitive_attributes": [],
          "private": "eyJlMmJmYjczMC1lY2FhLTExZTYtOGY4OC0zNDM2M2JjN2M0YzAiOnsiY3JlYXRlIjo2MDAwMDAwMDAwMDAsImRlbGV0ZSI6OTAwMDAwMDAwMDAwfSwic2NoZW1hX3ZlcnNpb24iOiIxIn0=",
          "dependencies": [
            "aws_vpc.vpc"
          ]
        }
      ]
    },
    {
      "mode": "managed",
      "type": "aws_security_group",
      "name": "vpc-web",
      "provider": "provider[\"registry.terraform.io/hashicorp/aws\"]",
      "instances": [
        {
          "schema_version": 1,
          "attributes": {
            "arn": "arn:aws:ec2:us-east-1:288533565777:security-group/sg-02bd37de34442d870",
            "description": "Web Traffic",
            "egress": [
              {
                "cidr_blocks": [
                  "0.0.0.0/0"
                ],
                "description": "Allow all ip and ports outbound",
                "from_port": 0,
                "ipv6_cidr_blocks": [],
                "prefix_list_ids": [],
                "protocol": "-1",
                "security_groups": [],
                "self": false,
                "to_port": 0
              }
            ],
            "id": "sg-02bd37de34442d870",
            "ingress": [
              {
                "cidr_blocks": [
                  "0.0.0.0/0"
                ],
                "description": "Allow Port 443",
                "from_port": 443,
                "ipv6_cidr_blocks": [],
                "prefix_list_ids": [],
                "protocol": "tcp",
                "security_groups": [],
                "self": false,
                "to_port": 443
              },
              {
                "cidr_blocks": [
                  "0.0.0.0/0"
                ],
                "description": "Allow Port 80",
                "from_port": 80,
                "ipv6_cidr_blocks": [],
                "prefix_list_ids": [],
                "protocol": "tcp",
                "security_groups": [],
                "self": false,
                "to_port": 80
              }
            ],
            "name": "vpc-web-default",
            "name_prefix": "",
            "owner_id": "288533565777",
            "revoke_rules_on_delete": false,
            "tags": {},
            "tags_all": {},
            "timeouts": null,
            "vpc_id": "vpc-0bf563f4cdf6f664f"
          },
          "sensitive_attributes": [],
          "private": "eyJlMmJmYjczMC1lY2FhLTExZTYtOGY4OC0zNDM2M2JjN2M0YzAiOnsiY3JlYXRlIjo2MDAwMDAwMDAwMDAsImRlbGV0ZSI6OTAwMDAwMDAwMDAwfSwic2NoZW1hX3ZlcnNpb24iOiIxIn0=",
          "dependencies": [
            "aws_vpc.vpc"
          ]
        }
      ]
    },
    {
      "mode": "managed",
      "type": "aws_subnet",
      "name": "public_subnets",
      "provider": "provider[\"registry.terraform.io/hashicorp/aws\"]",
      "instances": [
        {
          "schema_version": 1,
          "attributes": {
            "arn": "arn:aws:ec2:us-east-1:288533565777:subnet/subnet-046b2519dc65bf815",
            "assign_ipv6_address_on_creation": false,
            "availability_zone": "us-east-1a",
            "availability_zone_id": "use1-az4",
            "cidr_block": "10.0.1.0/24",
            "customer_owned_ipv4_pool": "",
            "enable_dns64": false,
            "enable_lni_at_device_index": 0,
            "enable_resource_name_dns_a_record_on_launch": false,
            "enable_resource_name_dns_aaaa_record_on_launch": false,
            "id": "subnet-046b2519dc65bf815",
            "ipv6_cidr_block": "",
            "ipv6_cidr_block_association_id": "",
            "ipv6_native": false,
            "map_customer_owned_ip_on_launch": false,
            "map_public_ip_on_launch": true,
            "outpost_arn": "",
            "owner_id": "288533565777",
            "private_dns_hostname_type_on_launch": "ip-name",
            "tags": {
              "Name": "public_subnet_1"
            },
            "tags_all": {
              "Name": "public_subnet_1"
            },
            "timeouts": null,
            "vpc_id": "vpc-0bf563f4cdf6f664f"
          },
          "sensitive_attributes": [],
          "private": "eyJlMmJmYjczMC1lY2FhLTExZTYtOGY4OC0zNDM2M2JjN2M0YzAiOnsiY3JlYXRlIjo2MDAwMDAwMDAwMDAsImRlbGV0ZSI6MTIwMDAwMDAwMDAwMH0sInNjaGVtYV92ZXJzaW9uIjoiMSJ9",
          "dependencies": [
            "aws_vpc.vpc"
          ]
        }
      ]
    },
    {
      "mode": "managed",
      "type": "aws_vpc",
      "name": "vpc",
      "provider": "provider[\"registry.terraform.io/hashicorp/aws\"]",
      "instances": [
        {
          "schema_version": 1,
          "attributes": {
            "arn": "arn:aws:ec2:us-east-1:288533565777:vpc/vpc-0bf563f4cdf6f664f",
            "assign_generated_ipv6_cidr_block": false,
            "cidr_block": "10.0.0.0/16",
            "default_network_acl_id": "acl-035b5bd2383132239",
            "default_route_table_id": "rtb-08a31a499d4e93bb8",
            "default_security_group_id": "sg-068fa7b97050fd39d",
            "dhcp_options_id": "dopt-0826ee2a3cad048a1",
            "enable_dns_hostnames": false,
            "enable_dns_support": true,
            "enable_network_address_usage_metrics": false,
            "id": "vpc-0bf563f4cdf6f664f",
            "instance_tenancy": "default",
            "ipv4_ipam_pool_id": null,
            "ipv4_netmask_length": null,
            "ipv6_association_id": "",
            "ipv6_cidr_block": "",
            "ipv6_cidr_block_network_border_group": "",
            "ipv6_ipam_pool_id": "",
            "ipv6_netmask_length": 0,
            "main_route_table_id": "rtb-08a31a499d4e93bb8",
            "owner_id": "288533565777",
            "tags": {
              "Name": "MyVPC"
            },
            "tags_all": {
              "Name": "MyVPC"
            }
          },
          "sensitive_attributes": [],
          "private": "eyJzY2hlbWFfdmVyc2lvbiI6IjEifQ=="
        }
      ]
    },
    {
      "mode": "managed",
      "type": "local_file",
      "name": "private_key_pem",
      "provider": "provider[\"registry.terraform.io/hashicorp/local\"]",
      "instances": [
        {
          "schema_version": 0,
          "attributes": {
            "content": "-----BEGIN RSA PRIVATE KEY-----\nMIIEogIBAAKCAQEAtNYkAj4KBaWQWCzMmzH375GBOA2xqwEnQM4cisrkBMjeDWvt\ncmMjZ91no/utAY0Y5rhuUrPo+0FXB8Si+gfDYqajFj2hH9LcpQ6JH72ObC+khF3F\n4C/2+F+1Ph1d4/fNlRz631+biCLIrXl0ae9WIj86OknBIw99fkrYcWdZ0Zyl8sXr\nlWF46vGd2grX/KgLsRojvixdrkkv/rSeR9lCD9/QCb6OpIVMa0mAQEA71T8HW3+d\nseovXSgWHNkF+i8ZZ44bVVfvKMVExSTki88UDUcV7lbSPsuhwzwURO+mKxq4ny3H\nkJ/ZUeWE+QXng/m8zFAU8RwCTw/AZN2Mrni9gwIDAQABAoIBADzgMbMHi3wnJhZo\nzmAYTCy7wNJL2dmFQ9+PAxC+CFCMBiRihsaRFSQr5m3PlYgGJbHVuF3i7rVWY6Pb\n0Dl3T5DwI8qi6JC7/UcbQ5IJz94fk7RzlN9JhkxKe8rzO944V16xKMr1dng3rXKo\nhkX7KfXRbxqcJYZV+pr/OynB7vyeu7u/iPfHrvwJWzLAt5iYI0cFqR4MYS6EhfRH\n8fxnnIZYq9FuAFlUIFsP4WkQCZ08huW3tKVdaTheURW0zKdetMiwrUj31Q5fDhqG\ndD1RpG7zOKQepgB00MiBkSBMQ6t7LOBF4IeCFpgm5ZU5H1HZdT/ulCE3z1+ELTD2\n18+ax+ECgYEA7QhLZJwn1X66Cuh1s4wGZ8n4FNAMlg30hXhn7f7zSWxQ0Rzm9sgQ\neUHxRNeRRSpaOBcUI8MJchUugrPGrg50paGjctBuQjlh14WYrYJfTINdSCO3uvCf\nsuatdRtp2Q7RtLKpODTrS0Ywz+D9NiqQVaVQ+Njg0bAOEq5aF+wv/SkCgYEAw06m\nYXp7fexFahj3ZepzIl6MC2fx+jsmdHE0jMYDgN3LirOjYRmCYa/l4lQJC+kiWpno\nmyFgWYPysIkNfSqmm7Jb7vsST6+LMtcbuF+5DD+tVJBnCz94zfYgpX/WeGItBe0W\n2YNEQODq4FnXfKhIzp4fKIlAZ5tqJlTVXnOUzssCgYBlcXdSx8IEjQfyQyqcfQEA\nyl9yCNhaH/7WYIGaSdK1SbYMyOHQHC9wtdgcLmXtxAJ4nufvpjkUqhwNtAMD2wvx\nFwxsxudpUEWfh32gRHuks1Po2+B2ESVH25HA3MqgKsd1HkFt3LgWryOU1CWKWQ0M\nmoPc/HS7SS28sQG920dugQKBgEO5EP56Hzox5Hv+vkKrwlKnoD4QRBr1ycbUvlkW\nDH7x6bNlyQBRfSFsgfUyGJT1uUDbX4nzT9qaY1wNmgzN7knM1g4PJ3FUOJtfdbBA\nGQWDSxIopGKFFtmsP/PDWVYTDPOiG6s+1jr9AtTaslr6a4yhzcIbnaaPgIZcIkSH\nJZFzAoGAOzqlQ3Fqn7+tckkqfIjJdx8Hw375CmSK6OFMI00rbIp4X30r6FHQC9q7\n8IToy+qeRXQNaAqfLnzf3brjlp8fpfOa5letljGNJSv1fs1iQQTSPplN24x1silJ\nDT+ex1w6fEamXxQ0x/mKMe4jhbvHFaO4Z79835pQMD63sGNGuOA=\n-----END RSA PRIVATE KEY-----\n",
            "content_base64": null,
            "directory_permission": "0777",
            "file_permission": "0777",
            "filename": "MyAWSKey.pem",
            "id": "57632cfa01201e974bd131338ce7a340dea32cb8",
            "sensitive_content": null,
            "source": null
          },
          "sensitive_attributes": [
            [
              {
                "type": "get_attr",
                "value": "content"
              }
            ],
            [
              {
                "type": "get_attr",
                "value": "sensitive_content"
              }
            ]
          ],
          "private": "bnVsbA==",
          "dependencies": [
            "tls_private_key.generated"
          ]
        }
      ]
    },
    {
      "mode": "managed",
      "type": "tls_private_key",
      "name": "generated",
      "provider": "provider[\"registry.terraform.io/hashicorp/tls\"]",
      "instances": [
        {
          "schema_version": 0,
          "attributes": {
            "algorithm": "RSA",
            "ecdsa_curve": "P224",
            "id": "0cdb4233b4f0854766ba531cc63b0612a9e631e7",
            "private_key_pem": "-----BEGIN RSA PRIVATE KEY-----\nMIIEogIBAAKCAQEAtNYkAj4KBaWQWCzMmzH375GBOA2xqwEnQM4cisrkBMjeDWvt\ncmMjZ91no/utAY0Y5rhuUrPo+0FXB8Si+gfDYqajFj2hH9LcpQ6JH72ObC+khF3F\n4C/2+F+1Ph1d4/fNlRz631+biCLIrXl0ae9WIj86OknBIw99fkrYcWdZ0Zyl8sXr\nlWF46vGd2grX/KgLsRojvixdrkkv/rSeR9lCD9/QCb6OpIVMa0mAQEA71T8HW3+d\nseovXSgWHNkF+i8ZZ44bVVfvKMVExSTki88UDUcV7lbSPsuhwzwURO+mKxq4ny3H\nkJ/ZUeWE+QXng/m8zFAU8RwCTw/AZN2Mrni9gwIDAQABAoIBADzgMbMHi3wnJhZo\nzmAYTCy7wNJL2dmFQ9+PAxC+CFCMBiRihsaRFSQr5m3PlYgGJbHVuF3i7rVWY6Pb\n0Dl3T5DwI8qi6JC7/UcbQ5IJz94fk7RzlN9JhkxKe8rzO944V16xKMr1dng3rXKo\nhkX7KfXRbxqcJYZV+pr/OynB7vyeu7u/iPfHrvwJWzLAt5iYI0cFqR4MYS6EhfRH\n8fxnnIZYq9FuAFlUIFsP4WkQCZ08huW3tKVdaTheURW0zKdetMiwrUj31Q5fDhqG\ndD1RpG7zOKQepgB00MiBkSBMQ6t7LOBF4IeCFpgm5ZU5H1HZdT/ulCE3z1+ELTD2\n18+ax+ECgYEA7QhLZJwn1X66Cuh1s4wGZ8n4FNAMlg30hXhn7f7zSWxQ0Rzm9sgQ\neUHxRNeRRSpaOBcUI8MJchUugrPGrg50paGjctBuQjlh14WYrYJfTINdSCO3uvCf\nsuatdRtp2Q7RtLKpODTrS0Ywz+D9NiqQVaVQ+Njg0bAOEq5aF+wv/SkCgYEAw06m\nYXp7fexFahj3ZepzIl6MC2fx+jsmdHE0jMYDgN3LirOjYRmCYa/l4lQJC+kiWpno\nmyFgWYPysIkNfSqmm7Jb7vsST6+LMtcbuF+5DD+tVJBnCz94zfYgpX/WeGItBe0W\n2YNEQODq4FnXfKhIzp4fKIlAZ5tqJlTVXnOUzssCgYBlcXdSx8IEjQfyQyqcfQEA\nyl9yCNhaH/7WYIGaSdK1SbYMyOHQHC9wtdgcLmXtxAJ4nufvpjkUqhwNtAMD2wvx\nFwxsxudpUEWfh32gRHuks1Po2+B2ESVH25HA3MqgKsd1HkFt3LgWryOU1CWKWQ0M\nmoPc/HS7SS28sQG920dugQKBgEO5EP56Hzox5Hv+vkKrwlKnoD4QRBr1ycbUvlkW\nDH7x6bNlyQBRfSFsgfUyGJT1uUDbX4nzT9qaY1wNmgzN7knM1g4PJ3FUOJtfdbBA\nGQWDSxIopGKFFtmsP/PDWVYTDPOiG6s+1jr9AtTaslr6a4yhzcIbnaaPgIZcIkSH\nJZFzAoGAOzqlQ3Fqn7+tckkqfIjJdx8Hw375CmSK6OFMI00rbIp4X30r6FHQC9q7\n8IToy+qeRXQNaAqfLnzf3brjlp8fpfOa5letljGNJSv1fs1iQQTSPplN24x1silJ\nDT+ex1w6fEamXxQ0x/mKMe4jhbvHFaO4Z79835pQMD63sGNGuOA=\n-----END RSA PRIVATE KEY-----\n",
            "public_key_fingerprint_md5": "09:78:38:68:bb:39:86:0f:99:e3:24:3f:67:aa:ec:ea",
            "public_key_openssh": "ssh-rsa AAAAB3NzaC1yc2EAAAADAQABAAABAQC01iQCPgoFpZBYLMybMffvkYE4DbGrASdAzhyKyuQEyN4Na+1yYyNn3Wej+60BjRjmuG5Ss+j7QVcHxKL6B8NipqMWPaEf0tylDokfvY5sL6SEXcXgL/b4X7U+HV3j982VHPrfX5uIIsiteXRp71YiPzo6ScEjD31+SthxZ1nRnKXyxeuVYXjq8Z3aCtf8qAuxGiO+LF2uSS/+tJ5H2UIP39AJvo6khUxrSYBAQDvVPwdbf52x6i9dKBYc2QX6LxlnjhtVV+8oxUTFJOSLzxQNRxXuVtI+y6HDPBRE76YrGrifLceQn9lR5YT5BeeD+bzMUBTxHAJPD8Bk3YyueL2D\n",
            "public_key_pem": "-----BEGIN PUBLIC KEY-----\nMIIBIjANBgkqhkiG9w0BAQEFAAOCAQ8AMIIBCgKCAQEAtNYkAj4KBaWQWCzMmzH3\n75GBOA2xqwEnQM4cisrkBMjeDWvtcmMjZ91no/utAY0Y5rhuUrPo+0FXB8Si+gfD\nYqajFj2hH9LcpQ6JH72ObC+khF3F4C/2+F+1Ph1d4/fNlRz631+biCLIrXl0ae9W\nIj86OknBIw99fkrYcWdZ0Zyl8sXrlWF46vGd2grX/KgLsRojvixdrkkv/rSeR9lC\nD9/QCb6OpIVMa0mAQEA71T8HW3+dseovXSgWHNkF+i8ZZ44bVVfvKMVExSTki88U\nDUcV7lbSPsuhwzwURO+mKxq4ny3HkJ/ZUeWE+QXng/m8zFAU8RwCTw/AZN2Mrni9\ngwIDAQAB\n-----END PUBLIC KEY-----\n",
            "rsa_bits": 2048
          },
          "sensitive_attributes": [
            [
              {
                "type": "get_attr",
                "value": "private_key_pem"
              }
            ]
          ],
          "private": "bnVsbA=="
        }
      ]
    }
  ],
  "check_results": null
}
